
Microsoft Visual Studio Solution File, Format Version 12.00
# Visual Studio Version 17
VisualStudioVersion = 17.6.33723.286
MinimumVisualStudioVersion = 10.0.40219.1
Project("{FAE04EC0-301F-11D3-BF4B-00C04F79EFBC}") = "CashOverFlow", "CashOverFlow\CashOverFlow.csproj", "{C8403607-8CFA-400A-AD17-F9E5FF759321}"
EndProject
Project("{FAE04EC0-301F-11D3-BF4B-00C04F79EFBC}") = "CashOverFlow.Infrastructura.Build", "CashOverFlow.Infrastructura.Build\CashOverFlow.Infrastructura.Build.csproj", "{BEC91A89-06C7-410F-A646-A3A82F24FA06}"
EndProject
Global
	GlobalSection(SolutionConfigurationPlatforms) = preSolution
		Debug|Any CPU = Debug|Any CPU
		Release|Any CPU = Release|Any CPU
	EndGlobalSection
	GlobalSection(ProjectConfigurationPlatforms) = postSolution
		{C8403607-8CFA-400A-AD17-F9E5FF759321}.Debug|Any CPU.ActiveCfg = Debug|Any CPU
		{C8403607-8CFA-400A-AD17-F9E5FF759321}.Debug|Any CPU.Build.0 = Debug|Any CPU
		{C8403607-8CFA-400A-AD17-F9E5FF759321}.Release|Any CPU.ActiveCfg = Release|Any CPU
		{C8403607-8CFA-400A-AD17-F9E5FF759321}.Release|Any CPU.Build.0 = Release|Any CPU
		{BEC91A89-06C7-410F-A646-A3A82F24FA06}.Debug|Any CPU.ActiveCfg = Debug|Any CPU
		{BEC91A89-06C7-410F-A646-A3A82F24FA06}.Debug|Any CPU.Build.0 = Debug|Any CPU
		{BEC91A89-06C7-410F-A646-A3A82F24FA06}.Release|Any CPU.ActiveCfg = Release|Any CPU
		{BEC91A89-06C7-410F-A646-A3A82F24FA06}.Release|Any CPU.Build.0 = Release|Any CPU
	EndGlobalSection
	GlobalSection(SolutionProperties) = preSolution
		HideSolutionNode = FALSE
	EndGlobalSection
	GlobalSection(ExtensibilityGlobals) = postSolution
		SolutionGuid = {50800F15-C3C1-435A-BA4F-7B71AA806AF1}
	EndGlobalSection
EndGlobal
